
Microsoft Visual Studio Solution File, Format Version 10.00
# Visual Studio 2008
Project("{FAE04EC0-301F-11D3-BF4B-00C04F79EFBC}") = "Sample1_01", "Sample1_01\Sample1_01.csproj", "{FB69276E-6900-450C-81B2-7AC786744CF6}"
EndProject
Project("{FAE04EC0-301F-11D3-BF4B-00C04F79EFBC}") = "Sample1_02", "Sample1_02\Sample1_02.csproj", "{9EF9A58D-C993-46C9-B823-2435914AF256}"
EndProject
Project("{FAE04EC0-301F-11D3-BF4B-00C04F79EFBC}") = "Sample1_03", "Sample1_03\Sample1_03.csproj", "{A5B878D2-5780-4A80-8E1E-1A742F4E7242}"
EndProject
Project("{FAE04EC0-301F-11D3-BF4B-00C04F79EFBC}") = "Sample1_04", "Sample1_04\Sample1_04.csproj", "{0917CDFC-2DE7-4B7D-B2A8-7A70B4AE185A}"
EndProject
Project("{FAE04EC0-301F-11D3-BF4B-00C04F79EFBC}") = "Sample1_05", "Sample1_05\Sample1_05.csproj", "{60FB4649-5872-47F5-B004-5648833C5E29}"
EndProject
Project("{FAE04EC0-301F-11D3-BF4B-00C04F79EFBC}") = "Sample1_06", "Sample1_06\Sample1_06.csproj", "{90669BA5-9D0F-4037-B7FE-2F76892F1078}"
EndProject
Project("{FAE04EC0-301F-11D3-BF4B-00C04F79EFBC}") = "Sample1_07", "Sample1_07\Sample1_07.csproj", "{8BD32CF3-C8E7-406F-BC76-AA2D496AC61E}"
EndProject
Project("{FAE04EC0-301F-11D3-BF4B-00C04F79EFBC}") = "Sample1_08", "Sample1_08\Sample1_08.csproj", "{AF995462-D45F-4B43-95E8-3F9456E88891}"
EndProject
Global
	GlobalSection(SolutionConfigurationPlatforms) = preSolution
		Debug|x86 = Debug|x86
		Release|x86 = Release|x86
	EndGlobalSection
	GlobalSection(ProjectConfigurationPlatforms) = postSolution
		{FB69276E-6900-450C-81B2-7AC786744CF6}.Debug|x86.ActiveCfg = Debug|x86
		{FB69276E-6900-450C-81B2-7AC786744CF6}.Debug|x86.Build.0 = Debug|x86
		{FB69276E-6900-450C-81B2-7AC786744CF6}.Release|x86.ActiveCfg = Release|x86
		{FB69276E-6900-450C-81B2-7AC786744CF6}.Release|x86.Build.0 = Release|x86
		{9EF9A58D-C993-46C9-B823-2435914AF256}.Debug|x86.ActiveCfg = Debug|x86
		{9EF9A58D-C993-46C9-B823-2435914AF256}.Debug|x86.Build.0 = Debug|x86
		{9EF9A58D-C993-46C9-B823-2435914AF256}.Release|x86.ActiveCfg = Release|x86
		{9EF9A58D-C993-46C9-B823-2435914AF256}.Release|x86.Build.0 = Release|x86
		{A5B878D2-5780-4A80-8E1E-1A742F4E7242}.Debug|x86.ActiveCfg = Debug|x86
		{A5B878D2-5780-4A80-8E1E-1A742F4E7242}.Debug|x86.Build.0 = Debug|x86
		{A5B878D2-5780-4A80-8E1E-1A742F4E7242}.Release|x86.ActiveCfg = Release|x86
		{A5B878D2-5780-4A80-8E1E-1A742F4E7242}.Release|x86.Build.0 = Release|x86
		{0917CDFC-2DE7-4B7D-B2A8-7A70B4AE185A}.Debug|x86.ActiveCfg = Debug|x86
		{0917CDFC-2DE7-4B7D-B2A8-7A70B4AE185A}.Debug|x86.Build.0 = Debug|x86
		{0917CDFC-2DE7-4B7D-B2A8-7A70B4AE185A}.Release|x86.ActiveCfg = Release|x86
		{0917CDFC-2DE7-4B7D-B2A8-7A70B4AE185A}.Release|x86.Build.0 = Release|x86
		{60FB4649-5872-47F5-B004-5648833C5E29}.Debug|x86.ActiveCfg = Debug|x86
		{60FB4649-5872-47F5-B004-5648833C5E29}.Debug|x86.Build.0 = Debug|x86
		{60FB4649-5872-47F5-B004-5648833C5E29}.Release|x86.ActiveCfg = Release|x86
		{60FB4649-5872-47F5-B004-5648833C5E29}.Release|x86.Build.0 = Release|x86
		{90669BA5-9D0F-4037-B7FE-2F76892F1078}.Debug|x86.ActiveCfg = Debug|x86
		{90669BA5-9D0F-4037-B7FE-2F76892F1078}.Debug|x86.Build.0 = Debug|x86
		{90669BA5-9D0F-4037-B7FE-2F76892F1078}.Release|x86.ActiveCfg = Release|x86
		{90669BA5-9D0F-4037-B7FE-2F76892F1078}.Release|x86.Build.0 = Release|x86
		{8BD32CF3-C8E7-406F-BC76-AA2D496AC61E}.Debug|x86.ActiveCfg = Debug|x86
		{8BD32CF3-C8E7-406F-BC76-AA2D496AC61E}.Debug|x86.Build.0 = Debug|x86
		{8BD32CF3-C8E7-406F-BC76-AA2D496AC61E}.Release|x86.ActiveCfg = Release|x86
		{8BD32CF3-C8E7-406F-BC76-AA2D496AC61E}.Release|x86.Build.0 = Release|x86
		{DD37C7B9-B559-4667-9644-B2420791EB0C}.Debug|x86.ActiveCfg = Debug|x86
		{DD37C7B9-B559-4667-9644-B2420791EB0C}.Release|x86.ActiveCfg = Release|x86
		{AF995462-D45F-4B43-95E8-3F9456E88891}.Debug|x86.ActiveCfg = Debug|x86
		{AF995462-D45F-4B43-95E8-3F9456E88891}.Debug|x86.Build.0 = Debug|x86
		{AF995462-D45F-4B43-95E8-3F9456E88891}.Release|x86.ActiveCfg = Release|x86
		{AF995462-D45F-4B43-95E8-3F9456E88891}.Release|x86.Build.0 = Release|x86
		{ADF8FBDF-D62C-4BFE-83B4-8F3B2733D214}.Debug|x86.ActiveCfg = Debug|x86
		{ADF8FBDF-D62C-4BFE-83B4-8F3B2733D214}.Release|x86.ActiveCfg = Release|x86
	EndGlobalSection
	GlobalSection(SolutionProperties) = preSolution
		HideSolutionNode = FALSE
	EndGlobalSection
EndGlobal
